
Microsoft Visual Studio Solution File, Format Version 12.00
# Visual Studio 2017
Project("{FAE04EC0-301F-11D3-BF4B-00C04F79EFBC}") = "AR Vuforia Project", "AR Vuforia Project.csproj", "{3B65101D-BC96-DB0E-0BB2-04F9596470EF}"
EndProject
Project("{FAE04EC0-301F-11D3-BF4B-00C04F79EFBC}") = "AR Vuforia Project.Editor", "AR Vuforia Project.Editor.csproj", "{E9D3D35E-853C-B764-BACC-65D445579E10}"
EndProject
Global
	GlobalSection(SolutionConfigurationPlatforms) = preSolution
		Debug|Any CPU = Debug|Any CPU
		Release|Any CPU = Release|Any CPU
	EndGlobalSection
	GlobalSection(ProjectConfigurationPlatforms) = postSolution
		{3B65101D-BC96-DB0E-0BB2-04F9596470EF}.Debug|Any CPU.ActiveCfg = Debug|Any CPU
		{3B65101D-BC96-DB0E-0BB2-04F9596470EF}.Debug|Any CPU.Build.0 = Debug|Any CPU
		{3B65101D-BC96-DB0E-0BB2-04F9596470EF}.Release|Any CPU.ActiveCfg = Release|Any CPU
		{3B65101D-BC96-DB0E-0BB2-04F9596470EF}.Release|Any CPU.Build.0 = Release|Any CPU
		{E9D3D35E-853C-B764-BACC-65D445579E10}.Debug|Any CPU.ActiveCfg = Debug|Any CPU
		{E9D3D35E-853C-B764-BACC-65D445579E10}.Debug|Any CPU.Build.0 = Debug|Any CPU
		{E9D3D35E-853C-B764-BACC-65D445579E10}.Release|Any CPU.ActiveCfg = Release|Any CPU
		{E9D3D35E-853C-B764-BACC-65D445579E10}.Release|Any CPU.Build.0 = Release|Any CPU
	EndGlobalSection
	GlobalSection(SolutionProperties) = preSolution
		HideSolutionNode = FALSE
	EndGlobalSection
EndGlobal
